
Microsoft Visual Studio Solution File, Format Version 12.00
# Visual Studio 15
VisualStudioVersion = 15.0.27703.2035
MinimumVisualStudioVersion = 10.0.40219.1
Project("{9A19103F-16F7-4668-BE54-9A1E7A4F7556}") = "WebApplication1", "WebApplication1\WebApplication1.csproj", "{D6CD2AAD-442B-4B34-8B3D-8A1C77C395EA}"
EndProject
Global
	GlobalSection(SolutionConfigurationPlatforms) = preSolution
		Debug|Any CPU = Debug|Any CPU
		Release|Any CPU = Release|Any CPU
	EndGlobalSection
	GlobalSection(ProjectConfigurationPlatforms) = postSolution
		{D6CD2AAD-442B-4B34-8B3D-8A1C77C395EA}.Debug|Any CPU.ActiveCfg = Debug|Any CPU
		{D6CD2AAD-442B-4B34-8B3D-8A1C77C395EA}.Debug|Any CPU.Build.0 = Debug|Any CPU
		{D6CD2AAD-442B-4B34-8B3D-8A1C77C395EA}.Release|Any CPU.ActiveCfg = Release|Any CPU
		{D6CD2AAD-442B-4B34-8B3D-8A1C77C395EA}.Release|Any CPU.Build.0 = Release|Any CPU
	EndGlobalSection
	GlobalSection(SolutionProperties) = preSolution
		HideSolutionNode = FALSE
	EndGlobalSection
	GlobalSection(ExtensibilityGlobals) = postSolution
		SolutionGuid = {16BFD7B9-E514-498F-96D0-4C08B199A74E}
	EndGlobalSection
EndGlobal
